[[package]]
name = "atomicwrites"
version = "1.4.1"
description = "Atomic file writes."
category = "dev"
optional = false
python-versions = ">=2.7, !=3.0.*, !=3.1.*, !=3.2.*, !=3.3.*"

[[package]]
name = "attrs"
version = "22.1.0"
description = "Classes Without Boilerplate"
category = "dev"
optional = false
python-versions = ">=3.5"

[package.extras]
dev = ["coverage[toml] (>=5.0.2)", "hypothesis", "pympler", "pytest (>=4.3.0)", "mypy (>=0.900,!=0.940)", "pytest-mypy-plugins", "zope.interface", "furo", "sphinx", "sphinx-notfound-page", "pre-commit", "cloudpickle"]
docs = ["furo", "sphinx", "zope.interface", "sphinx-notfound-page"]
tests = ["coverage[toml] (>=5.0.2)", "hypothesis", "pympler", "pytest (>=4.3.0)", "mypy (>=0.900,!=0.940)", "pytest-mypy-plugins", "zope.interface", "cloudpickle"]
tests_no_zope = ["coverage[toml] (>=5.0.2)", "hypothesis", "pympler", "pytest (>=4.3.0)", "mypy (>=0.900,!=0.940)", "pytest-mypy-plugins", "cloudpickle"]

[[package]]
name = "colorama"
version = "0.4.5"
description = "Cross-platform colored terminal text."
category = "dev"
optional = false
python-versions = ">=2.7, !=3.0.*, !=3.1.*, !=3.2.*, !=3.3.*, !=3.4.*"

[[package]]
name = "iniconfig"
version = "1.1.1"
description = "iniconfig: brain-dead simple config-ini parsing"
category = "dev"
optional = false
python-versions = "*"

[[package]]
name = "numpy"
version = "1.23.1"
description = "NumPy is the fundamental package for array computing with Python."
category = "main"
optional = false
python-versions = ">=3.8"

[[package]]
name = "packaging"
version = "21.3"
description = "Core utilities for Python packages"
category = "dev"
optional = false
python-versions = ">=3.6"

[package.dependencies]
pyparsing = ">=2.0.2,<3.0.5 || >3.0.5"

[[package]]
name = "pluggy"
version = "1.0.0"
description = "plugin and hook calling mechanisms for python"
category = "dev"
optional = false
python-versions = ">=3.6"

[package.extras]
testing = ["pytest-benchmark", "pytest"]
dev = ["tox", "pre-commit"]

[[package]]
name = "py"
version = "1.11.0"
description = "library with cross-python path, ini-parsing, io, code, log facilities"
category = "dev"
optional = false
python-versions = ">=2.7, !=3.0.*, !=3.1.*, !=3.2.*, !=3.3.*, !=3.4.*"

[[package]]
name = "pyparsing"
version = "3.0.9"
description = "pyparsing module - Classes and methods to define and execute parsing grammars"
category = "dev"
optional = false
python-versions = ">=3.6.8"

[package.extras]
diagrams = ["railroad-diagrams", "jinja2"]

[[package]]
name = "pytest"
version = "7.1.2"
description = "pytest: simple powerful testing with Python"
category = "dev"
optional = false
python-versions = ">=3.7"

[package.dependencies]
atomicwrites = {version = ">=1.0", markers = "sys_platform == \"win32\""}
attrs = ">=19.2.0"
colorama = {version = "*", markers = "sys_platform == \"win32\""}
iniconfig = "*"
packaging = "*"
pluggy = ">=0.12,<2.0"
py = ">=1.8.2"
tomli = ">=1.0.0"

[package.extras]
testing = ["argcomplete", "hypothesis (>=3.56)", "mock", "nose", "pygments (>=2.7.2)", "requests", "xmlschema"]

[[package]]
name = "scipy"
version = "1.9.0"
description = "SciPy: Scientific Library for Python"
category = "main"
optional = false
python-versions = ">=3.8,<3.12"

[package.dependencies]
numpy = ">=1.18.5,<1.25.0"

[[package]]
name = "tomli"
version = "2.0.1"
description = "A lil' TOML parser"
category = "dev"
optional = false
python-versions = ">=3.7"

[metadata]
lock-version = "1.1"
python-versions = ">=3.8,<3.11"
content-hash = "d2f9470482b72ce8da15414f3d80650830178b7ee45f38afc051c3e02072ec64"

[metadata.files]
atomicwrites = [
    {file = "atomicwrites-1.4.1.tar.gz", hash = "sha256:81b2c9071a49367a7f770170e5eec8cb66567cfbbc8c73d20ce5ca4a8d71cf11"},
]
attrs = [
    {file = "attrs-22.1.0-py2.py3-none-any.whl", hash = "sha256:86efa402f67bf2df34f51a335487cf46b1ec130d02b8d39fd248abfd30da551c"},
    {file = "attrs-22.1.0.tar.gz", hash = "sha256:29adc2665447e5191d0e7c568fde78b21f9672d344281d0c6e1ab085429b22b6"},
]
colorama = [
    {file = "colorama-0.4.5-py2.py3-none-any.whl", hash = "sha256:854bf444933e37f5824ae7bfc1e98d5bce2ebe4160d46b5edf346a89358e99da"},
    {file = "colorama-0.4.5.tar.gz", hash = "sha256:e6c6b4334fc50988a639d9b98aa429a0b57da6e17b9a44f0451f930b6967b7a4"},
]
iniconfig = [
    {file = "iniconfig-1.1.1-py2.py3-none-any.whl", hash = "sha256:011e24c64b7f47f6ebd835bb12a743f2fbe9a26d4cecaa7f53bc4f35ee9da8b3"},
    {file = "iniconfig-1.1.1.tar.gz", hash = "sha256:bc3af051d7d14b2ee5ef9969666def0cd1a000e121eaea580d4a313df4b37f32"},
]
numpy = [
    {file = "numpy-1.23.1-cp310-cp310-macosx_10_9_x86_64.whl", hash = "sha256:b15c3f1ed08df4980e02cc79ee058b788a3d0bef2fb3c9ca90bb8cbd5b8a3a04"},
    {file = "numpy-1.23.1-cp310-cp310-macosx_11_0_arm64.whl", hash = "sha256:9ce242162015b7e88092dccd0e854548c0926b75c7924a3495e02c6067aba1f5"},
    {file = "numpy-1.23.1-cp310-cp310-manylinux_2_17_aarch64.manylinux2014_aarch64.whl", hash = "sha256:e0d7447679ae9a7124385ccf0ea990bb85bb869cef217e2ea6c844b6a6855073"},
    {file = "numpy-1.23.1-cp310-cp310-manylinux_2_17_x86_64.manylinux2014_x86_64.whl", hash = "sha256:3119daed207e9410eaf57dcf9591fdc68045f60483d94956bee0bfdcba790953"},
    {file = "numpy-1.23.1-cp310-cp310-win32.whl", hash = "sha256:3ab67966c8d45d55a2bdf40701536af6443763907086c0a6d1232688e27e5447"},
    {file = "numpy-1.23.1-cp310-cp310-win_amd64.whl", hash = "sha256:1865fdf51446839ca3fffaab172461f2b781163f6f395f1aed256b1ddc253622"},
    {file = "numpy-1.23.1-cp38-cp38-macosx_10_9_x86_64.whl", hash = "sha256:aeba539285dcf0a1ba755945865ec61240ede5432df41d6e29fab305f4384db2"},
    {file = "numpy-1.23.1-cp38-cp38-macosx_11_0_arm64.whl", hash = "sha256:7e8229f3687cdadba2c4faef39204feb51ef7c1a9b669247d49a24f3e2e1617c"},
    {file = "numpy-1.23.1-cp38-cp38-manylinux_2_17_aarch64.manylinux2014_aarch64.whl", hash = "sha256:68b69f52e6545af010b76516f5daaef6173e73353e3295c5cb9f96c35d755641"},
    {file = "numpy-1.23.1-cp38-cp38-manylinux_2_17_x86_64.manylinux2014_x86_64.whl", hash = "sha256:1408c3527a74a0209c781ac82bde2182b0f0bf54dea6e6a363fe0cc4488a7ce7"},
    {file = "numpy-1.23.1-cp38-cp38-win32.whl", hash = "sha256:47f10ab202fe4d8495ff484b5561c65dd59177949ca07975663f4494f7269e3e"},
    {file = "numpy-1.23.1-cp38-cp38-win_amd64.whl", hash = "sha256:37e5ebebb0eb54c5b4a9b04e6f3018e16b8ef257d26c8945925ba8105008e645"},
    {file = "numpy-1.23.1-cp39-cp39-macosx_10_9_x86_64.whl", hash = "sha256:173f28921b15d341afadf6c3898a34f20a0569e4ad5435297ba262ee8941e77b"},
    {file = "numpy-1.23.1-cp39-cp39-macosx_11_0_arm64.whl", hash = "sha256:876f60de09734fbcb4e27a97c9a286b51284df1326b1ac5f1bf0ad3678236b22"},
    {file = "numpy-1.23.1-cp39-cp39-manylinux_2_17_aarch64.manylinux2014_aarch64.whl", hash = "sha256:35590b9c33c0f1c9732b3231bb6a72d1e4f77872390c47d50a615686ae7ed3fd"},
    {file = "numpy-1.23.1-cp39-cp39-manylinux_2_17_x86_64.manylinux2014_x86_64.whl", hash = "sha256:a35c4e64dfca659fe4d0f1421fc0f05b8ed1ca8c46fb73d9e5a7f175f85696bb"},
    {file = "numpy-1.23.1-cp39-cp39-win32.whl", hash = "sha256:c2f91f88230042a130ceb1b496932aa717dcbd665350beb821534c5c7e15881c"},
    {file = "numpy-1.23.1-cp39-cp39-win_amd64.whl", hash = "sha256:37ece2bd095e9781a7156852e43d18044fd0d742934833335599c583618181b9"},
    {file = "numpy-1.23.1-pp38-pypy38_pp73-macosx_10_9_x86_64.whl", hash = "sha256:8002574a6b46ac3b5739a003b5233376aeac5163e5dcd43dd7ad062f3e186129"},
    {file = "numpy-1.23.1-pp38-pypy38_pp73-manylinux_2_17_x86_64.manylinux2014_x86_64.whl", hash = "sha256:5d732d17b8a9061540a10fda5bfeabca5785700ab5469a5e9b93aca5e2d3a5fb"},
    {file = "numpy-1.23.1-pp38-pypy38_pp73-win_amd64.whl", hash = "sha256:55df0f7483b822855af67e38fb3a526e787adf189383b4934305565d71c4b148"},
    {file = "numpy-1.23.1.tar.gz", hash = "sha256:d748ef349bfef2e1194b59da37ed5a29c19ea8d7e6342019921ba2ba4fd8b624"},
]
packaging = [
    {file = "packaging-21.3-py3-none-any.whl", hash = "sha256:ef103e05f519cdc783ae24ea4e2e0f508a9c99b2d4969652eed6a2e1ea5bd522"},
    {file = "packaging-21.3.tar.gz", hash = "sha256:dd47c42927d89ab911e606518907cc2d3a1f38bbd026385970643f9c5b8ecfeb"},
]
pluggy = [
    {file = "pluggy-1.0.0-py2.py3-none-any.whl", hash = "sha256:74134bbf457f031a36d68416e1509f34bd5ccc019f0bcc952c7b909d06b37bd3"},
    {file = "pluggy-1.0.0.tar.gz", hash = "sha256:4224373bacce55f955a878bf9cfa763c1e360858e330072059e10bad68531159"},
]
py = [
    {file = "py-1.11.0-py2.py3-none-any.whl", hash = "sha256:607c53218732647dff4acdfcd50cb62615cedf612e72d1724fb1a0cc6405b378"},
    {file = "py-1.11.0.tar.gz", hash = "sha256:51c75c4126074b472f746a24399ad32f6053d1b34b68d2fa41e558e6f4a98719"},
]
pyparsing = [
    {file = "pyparsing-3.0.9-py3-none-any.whl", hash = "sha256:5026bae9a10eeaefb61dab2f09052b9f4307d44aee4eda64b309723d8d206bbc"},
    {file = "pyparsing-3.0.9.tar.gz", hash = "sha256:2b020ecf7d21b687f219b71ecad3631f644a47f01403fa1d1036b0c6416d70fb"},
]
pytest = [
    {file = "pytest-7.1.2-py3-none-any.whl", hash = "sha256:13d0e3ccfc2b6e26be000cb6568c832ba67ba32e719443bfe725814d3c42433c"},
    {file = "pytest-7.1.2.tar.gz", hash = "sha256:a06a0425453864a270bc45e71f783330a7428defb4230fb5e6a731fde06ecd45"},
]
scipy = [
    {file = "scipy-1.9.0-cp310-cp310-macosx_10_9_x86_64.whl", hash = "sha256:0424d1bbbfa51d5ddaa16d067fd593863c9f2fb7c6840c32f8a08a8832f8e7a4"},
    {file = "scipy-1.9.0-cp310-cp310-macosx_12_0_arm64.whl", hash = "sha256:8f2232c9d9119ec356240255a715a289b3a33be828c3e4abac11fd052ce15b1e"},
    {file = "scipy-1.9.0-cp310-cp310-macosx_12_0_universal2.macosx_10_9_x86_64.whl", hash = "sha256:e2004d2a3c397b26ca78e67c9d320153a1a9b71ae713ad33f4a3a3ab3d79cc65"},
    {file = "scipy-1.9.0-cp310-cp310-manylinux_2_17_aarch64.manylinux2014_aarch64.whl", hash = "sha256:45f0d6c0d6e55582d3b8f5c58ad4ca4259a02affb190f89f06c8cc02e21bba81"},
    {file = "scipy-1.9.0-cp310-cp310-manylinux_2_17_x86_64.manylinux2014_x86_64.whl", hash = "sha256:79dd7876614fc2869bf5d311ef33962d2066ea888bc66c80fd4fa80f8772e5a9"},
    {file = "scipy-1.9.0-cp310-cp310-win_amd64.whl", hash = "sha256:10417935486b320d98536d732a58362e3d37e84add98c251e070c59a6bfe0863"},
    {file = "scipy-1.9.0-cp38-cp38-macosx_10_9_x86_64.whl", hash = "sha256:adb6c438c6ef550e2bb83968e772b9690cb421f2c6073f9c2cb6af15ee538bc9"},
    {file = "scipy-1.9.0-cp38-cp38-macosx_12_0_arm64.whl", hash = "sha256:8d541db2d441ef87afb60c4a2addb00c3af281633602a4967e733ef4b7050504"},
    {file = "scipy-1.9.0-cp38-cp38-macosx_12_0_universal2.macosx_10_9_x86_64.whl", hash = "sha256:97a1f1e51ea30782d7baa8d0c52f72c3f9f05cb609cf1b990664231c5102bccd"},
    {file = "scipy-1.9.0-cp38-cp38-manylinux_2_12_i686.manylinux2010_i686.whl", hash = "sha256:16207622570af10f9e6a2cdc7da7a9660678852477adbcd056b6d1057a036fef"},
    {file = "scipy-1.9.0-cp38-cp38-manylinux_2_17_aarch64.manylinux2014_aarch64.whl", hash = "sha256:bb687d245b6963673c639f318eea7e875d1ba147a67925586abed3d6f39bb7d8"},
    {file = "scipy-1.9.0-cp38-cp38-manylinux_2_17_x86_64.manylinux2014_x86_64.whl", hash = "sha256:73b704c5eea9be811919cae4caacf3180dd9212d9aed08477c1d2ba14900a9de"},
    {file = "scipy-1.9.0-cp38-cp38-win32.whl", hash = "sha256:12005d30894e4fe7b247f7233ba0801a341f887b62e2eb99034dd6f2a8a33ad6"},
    {file = "scipy-1.9.0-cp38-cp38-win_amd64.whl", hash = "sha256:fc58c3fcb8a724b703ffbc126afdca5a8353d4d5945d5c92db85617e165299e7"},
    {file = "scipy-1.9.0-cp39-cp39-macosx_10_9_x86_64.whl", hash = "sha256:01c2015e132774feefe059d5354055fec6b751d7a7d70ad2cf5ce314e7426e2a"},
    {file = "scipy-1.9.0-cp39-cp39-macosx_12_0_arm64.whl", hash = "sha256:f7c3c578ff556333f3890c2df6c056955d53537bb176698359088108af73a58f"},
    {file = "scipy-1.9.0-cp39-cp39-macosx_12_0_universal2.macosx_10_9_x86_64.whl", hash = "sha256:e2ac088ea4aa61115b96b47f5f3d94b3fa29554340b6629cd2bfe6b0521ee33b"},
    {file = "scipy-1.9.0-cp39-cp39-manylinux_2_12_i686.manylinux2010_i686.whl", hash = "sha256:5d1b9cf3771fd921f7213b4b886ab2606010343bb36259b544a816044576d69e"},
    {file = "scipy-1.9.0-cp39-cp39-manylinux_2_17_aarch64.manylinux2014_aarch64.whl", hash = "sha256:d3a326673ac5afa9ef5613a61626b9ec15c8f7222b4ecd1ce0fd8fcba7b83c59"},
    {file = "scipy-1.9.0-cp39-cp39-manylinux_2_17_x86_64.manylinux2014_x86_64.whl", hash = "sha256:693b3fe2e7736ce0dbc72b4d933798eb6ca8ce51b8b934e3f547cc06f48b2afb"},
    {file = "scipy-1.9.0-cp39-cp39-win32.whl", hash = "sha256:7bad16b91918bf3288089a78a4157e04892ea6475fb7a1d9bcdf32c30c8a3dba"},
    {file = "scipy-1.9.0-cp39-cp39-win_amd64.whl", hash = "sha256:bd490f77f35800d5620f4d9af669e372d9a88db1f76ef219e1609cc4ecdd1a24"},
    {file = "scipy-1.9.0.tar.gz", hash = "sha256:c0dfd7d2429452e7e94904c6a3af63cbaa3cf51b348bd9d35b42db7e9ad42791"},
]
tomli = [
    {file = "tomli-2.0.1-py3-none-any.whl", hash = "sha256:939de3e7a6161af0c887ef91b7d41a53e7c5a1ca976325f429cb46ea9bc30ecc"},
    {file = "tomli-2.0.1.tar.gz", hash = "sha256:de526c12914f0c550d15924c62d72abc48d6fe7364aa87328337a31007fe8a4f"},
]
